
Microsoft Visual Studio Solution File, Format Version 12.00
# Visual Studio Version 17
VisualStudioVersion = 17.13.35913.81 d17.13
MinimumVisualStudioVersion = 10.0.40219.1
Project("{D2ABAB84-BF74-430A-B69E-9DC6D40DDA17}") = "D5_Fact Constellation Schema", "D5_Fact Constellation Schema.dwproj", "{253585F0-5DB4-918E-3AC9-EDE3087F5778}"
EndProject
Global
	GlobalSection(SolutionConfigurationPlatforms) = preSolution
		Development|Default = Development|Default
	EndGlobalSection
	GlobalSection(ProjectConfigurationPlatforms) = postSolution
		{253585F0-5DB4-918E-3AC9-EDE3087F5778}.Development|Default.ActiveCfg = Development
		{253585F0-5DB4-918E-3AC9-EDE3087F5778}.Development|Default.Build.0 = Development
		{253585F0-5DB4-918E-3AC9-EDE3087F5778}.Development|Default.Deploy.0 = Development
	EndGlobalSection
	GlobalSection(SolutionProperties) = preSolution
		HideSolutionNode = FALSE
	EndGlobalSection
	GlobalSection(ExtensibilityGlobals) = postSolution
		SolutionGuid = {7AC9F2C9-02AA-43BF-BE5E-71E37EA63FBB}
	EndGlobalSection
EndGlobal
